
Microsoft Visual Studio Solution File, Format Version 12.00
# Visual Studio Version 16
VisualStudioVersion = 16.0.33328.57
MinimumVisualStudioVersion = 10.0.40219.1
Project("{FAE04EC0-301F-11D3-BF4B-00C04F79EFBC}") = "ProHotelBorrador", "ProHotelBorrador\ProHotelBorrador.csproj", "{5D1EF42A-D6F2-419B-A412-535F9B4330B9}"
EndProject
Global
	GlobalSection(SolutionConfigurationPlatforms) = preSolution
		Debug|Any CPU = Debug|Any CPU
		Release|Any CPU = Release|Any CPU
	EndGlobalSection
	GlobalSection(ProjectConfigurationPlatforms) = postSolution
		{5D1EF42A-D6F2-419B-A412-535F9B4330B9}.Debug|Any CPU.ActiveCfg = Debug|Any CPU
		{5D1EF42A-D6F2-419B-A412-535F9B4330B9}.Debug|Any CPU.Build.0 = Debug|Any CPU
		{5D1EF42A-D6F2-419B-A412-535F9B4330B9}.Release|Any CPU.ActiveCfg = Release|Any CPU
		{5D1EF42A-D6F2-419B-A412-535F9B4330B9}.Release|Any CPU.Build.0 = Release|Any CPU
	EndGlobalSection
	GlobalSection(SolutionProperties) = preSolution
		HideSolutionNode = FALSE
	EndGlobalSection
	GlobalSection(ExtensibilityGlobals) = postSolution
		SolutionGuid = {FA85F0A4-D73C-42E7-84D2-62338FF043EB}
	EndGlobalSection
EndGlobal
